
Microsoft Visual Studio Solution File, Format Version 12.00
# Visual Studio Version 16
VisualStudioVersion = 16.0.29920.165
MinimumVisualStudioVersion = 10.0.40219.1
Project("{FAE04EC0-301F-11D3-BF4B-00C04F79EFBC}") = "WheyMenII.UI", "WheyMenII\WheyMenII.UI.csproj", "{6AB81F95-448B-4A7B-BDA2-9E8EECF9811F}"
EndProject
Project("{9A19103F-16F7-4668-BE54-9A1E7A4F7556}") = "WheyMenII.DAL", "WheyMenIIDAL.Library\WheyMenII.DAL.csproj", "{DCF63D30-3620-473B-8590-ED739F44CCBB}"
EndProject
Project("{FAE04EC0-301F-11D3-BF4B-00C04F79EFBC}") = "WheyMenII.Test", "WheyMenII.Test\WheyMenII.Test.csproj", "{53EC5180-1EB0-46FC-92EC-AB81129C8D5C}"
EndProject
Project("{FAE04EC0-301F-11D3-BF4B-00C04F79EFBC}") = "WheyMenII.Infrastructure", "WheyMenII.Infrastructure\WheyMenII.Infrastructure.csproj", "{04EB7BA9-6E71-4A1F-B16B-1140ED90EE4A}"
EndProject
Global
	GlobalSection(SolutionConfigurationPlatforms) = preSolution
		Debug|Any CPU = Debug|Any CPU
		Release|Any CPU = Release|Any CPU
	EndGlobalSection
	GlobalSection(ProjectConfigurationPlatforms) = postSolution
		{6AB81F95-448B-4A7B-BDA2-9E8EECF9811F}.Debug|Any CPU.ActiveCfg = Debug|Any CPU
		{6AB81F95-448B-4A7B-BDA2-9E8EECF9811F}.Debug|Any CPU.Build.0 = Debug|Any CPU
		{6AB81F95-448B-4A7B-BDA2-9E8EECF9811F}.Release|Any CPU.ActiveCfg = Release|Any CPU
		{6AB81F95-448B-4A7B-BDA2-9E8EECF9811F}.Release|Any CPU.Build.0 = Release|Any CPU
		{DCF63D30-3620-473B-8590-ED739F44CCBB}.Debug|Any CPU.ActiveCfg = Debug|Any CPU
		{DCF63D30-3620-473B-8590-ED739F44CCBB}.Debug|Any CPU.Build.0 = Debug|Any CPU
		{DCF63D30-3620-473B-8590-ED739F44CCBB}.Release|Any CPU.ActiveCfg = Release|Any CPU
		{DCF63D30-3620-473B-8590-ED739F44CCBB}.Release|Any CPU.Build.0 = Release|Any CPU
		{53EC5180-1EB0-46FC-92EC-AB81129C8D5C}.Debug|Any CPU.ActiveCfg = Debug|Any CPU
		{53EC5180-1EB0-46FC-92EC-AB81129C8D5C}.Debug|Any CPU.Build.0 = Debug|Any CPU
		{53EC5180-1EB0-46FC-92EC-AB81129C8D5C}.Release|Any CPU.ActiveCfg = Release|Any CPU
		{53EC5180-1EB0-46FC-92EC-AB81129C8D5C}.Release|Any CPU.Build.0 = Release|Any CPU
		{04EB7BA9-6E71-4A1F-B16B-1140ED90EE4A}.Debug|Any CPU.ActiveCfg = Debug|Any CPU
		{04EB7BA9-6E71-4A1F-B16B-1140ED90EE4A}.Debug|Any CPU.Build.0 = Debug|Any CPU
		{04EB7BA9-6E71-4A1F-B16B-1140ED90EE4A}.Release|Any CPU.ActiveCfg = Release|Any CPU
		{04EB7BA9-6E71-4A1F-B16B-1140ED90EE4A}.Release|Any CPU.Build.0 = Release|Any CPU
	EndGlobalSection
	GlobalSection(SolutionProperties) = preSolution
		HideSolutionNode = FALSE
	EndGlobalSection
	GlobalSection(ExtensibilityGlobals) = postSolution
		SolutionGuid = {A7E76B68-6753-4CB9-B5B2-CDE12C8C7B04}
	EndGlobalSection
EndGlobal
